<?xml version="1.0" encoding="UTF-8"?>
<CONFIG>
  <ProjectOptions>
    <Version Value="9"/>
    <PathDelim Value="\"/>
    <General>
      <MainUnit Value="0"/>
      <UseXPManifest Value="True"/>
      <Icon Value="0"/>
      <ActiveWindowIndexAtStart Value="0"/>
    </General>
    <BuildModes Count="1">
      <Item1 Name="default" Default="True"/>
    </BuildModes>
    <PublishOptions>
      <Version Value="2"/>
      <IncludeFileFilter Value="*.(pas|pp|inc|lfm|lpr|lrs|lpi|lpk|sh|xml)"/>
      <ExcludeFileFilter Value="*.(bak|ppu|o|so);*~;backup"/>
    </PublishOptions>
    <RunParams>
      <local>
        <FormatVersion Value="1"/>
        <LaunchingApplication PathPlusParams="\usr\X11R6\bin\xterm -T 'Lazarus Run Output' -e $(LazarusDir)\tools\runwait.sh $(TargetCmdLine)"/>
      </local>
    </RunParams>
    <RequiredPackages Count="2">
      <Item1>
        <PackageName Value="LazOpenGLContext"/>
        <MinVersion Release="1" Valid="True"/>
      </Item1>
      <Item2>
        <PackageName Value="LCL"/>
      </Item2>
    </RequiredPackages>
    <Units Count="45">
      <Unit0>
        <Filename Value="chemera.lpr"/>
        <IsPartOfProject Value="True"/>
        <UnitName Value="chemera"/>
        <WindowIndex Value="0"/>
        <TopLine Value="1"/>
        <CursorPos X="12" Y="7"/>
        <UsageCount Value="206"/>
      </Unit0>
      <Unit1>
        <Filename Value="chemeramain.pas"/>
        <IsPartOfProject Value="True"/>
        <ComponentName Value="CmMainForm"/>
        <HasResources Value="True"/>
        <ResourceBaseClass Value="Form"/>
        <UnitName Value="chemeramain"/>
        <IsVisibleTab Value="True"/>
        <EditorIndex Value="0"/>
        <WindowIndex Value="0"/>
        <TopLine Value="623"/>
        <CursorPos X="18" Y="634"/>
        <UsageCount Value="206"/>
        <Loaded Value="True"/>
        <LoadedDesigner Value="True"/>
      </Unit1>
      <Unit2>
        <Filename Value="..\display\displayobjects.pas"/>
        <IsPartOfProject Value="True"/>
        <UnitName Value="displayobjects"/>
        <WindowIndex Value="0"/>
        <TopLine Value="136"/>
        <CursorPos X="42" Y="149"/>
        <UsageCount Value="206"/>
      </Unit2>
      <Unit3>
        <Filename Value="..\molecule\molecules.pas"/>
        <IsPartOfProject Value="True"/>
        <UnitName Value="molecules"/>
        <EditorIndex Value="9"/>
        <WindowIndex Value="0"/>
        <TopLine Value="38"/>
        <CursorPos X="24" Y="78"/>
        <UsageCount Value="206"/>
        <Loaded Value="True"/>
      </Unit3>
      <Unit4>
        <Filename Value="..\molecule\pdbmolecules.pas"/>
        <IsPartOfProject Value="True"/>
        <UnitName Value="pdbmolecules"/>
        <WindowIndex Value="0"/>
        <TopLine Value="100"/>
        <CursorPos X="14" Y="116"/>
        <UsageCount Value="206"/>
      </Unit4>
      <Unit5>
        <Filename Value="..\general\basetypes.pas"/>
        <IsPartOfProject Value="True"/>
        <UnitName Value="basetypes"/>
        <WindowIndex Value="0"/>
        <TopLine Value="28"/>
        <CursorPos X="42" Y="46"/>
        <UsageCount Value="206"/>
      </Unit5>
      <Unit6>
        <Filename Value="..\molecule\selections.pas"/>
        <IsPartOfProject Value="True"/>
        <UnitName Value="selections"/>
        <EditorIndex Value="5"/>
        <WindowIndex Value="0"/>
        <TopLine Value="266"/>
        <CursorPos X="49" Y="288"/>
        <UsageCount Value="206"/>
        <Loaded Value="True"/>
      </Unit6>
      <Unit7>
        <Filename Value="..\UI\glutwindow.pas"/>
        <UnitName Value="glutwindow"/>
        <TopLine Value="191"/>
        <CursorPos X="21" Y="203"/>
        <UsageCount Value="90"/>
      </Unit7>
      <Unit8>
        <Filename Value="..\display\base3ddisplay.pas"/>
        <IsPartOfProject Value="True"/>
        <UnitName Value="base3ddisplay"/>
        <WindowIndex Value="0"/>
        <TopLine Value="70"/>
        <CursorPos X="35" Y="93"/>
        <UsageCount Value="206"/>
      </Unit8>
      <Unit9>
        <Filename Value="..\UI\displaysettings.pas"/>
        <IsPartOfProject Value="True"/>
        <ComponentName Value="DisplaySettingsForm"/>
        <ResourceBaseClass Value="Form"/>
        <UnitName Value="displaysettings"/>
        <TopLine Value="64"/>
        <CursorPos X="53" Y="77"/>
        <UsageCount Value="205"/>
      </Unit9>
      <Unit10>
        <Filename Value="..\display\glrenderer.pas"/>
        <UnitName Value="glrenderer"/>
        <TopLine Value="20"/>
        <CursorPos X="3" Y="28"/>
        <UsageCount Value="6"/>
      </Unit10>
      <Unit11>
        <Filename Value="..\display\oglform.pas"/>
        <IsPartOfProject Value="True"/>
        <ComponentName Value="OpenGLForm"/>
        <ResourceBaseClass Value="Form"/>
        <UnitName Value="oglform"/>
        <WindowIndex Value="0"/>
        <TopLine Value="9"/>
        <CursorPos X="59" Y="25"/>
        <UsageCount Value="206"/>
      </Unit11>
      <Unit12>
        <Filename Value="..\parsing\pdbparser.pas"/>
        <IsPartOfProject Value="True"/>
        <UnitName Value="pdbparser"/>
        <WindowIndex Value="0"/>
        <TopLine Value="1"/>
        <CursorPos X="32" Y="21"/>
        <UsageCount Value="202"/>
      </Unit12>
      <Unit13>
        <Filename Value="..\base\oclconfiguration.pas"/>
        <IsPartOfProject Value="True"/>
        <UnitName Value="oclconfiguration"/>
        <EditorIndex Value="3"/>
        <WindowIndex Value="0"/>
        <TopLine Value="28"/>
        <CursorPos X="3" Y="39"/>
        <UsageCount Value="200"/>
        <Loaded Value="True"/>
      </Unit13>
      <Unit14>
        <Filename Value="C:\lazarus\lcl\dialogs.pp"/>
        <UnitName Value="Dialogs"/>
        <WindowIndex Value="0"/>
        <TopLine Value="16"/>
        <CursorPos X="14" Y="139"/>
        <UsageCount Value="31"/>
      </Unit14>
      <Unit15>
        <Filename Value="..\utils\geomhash.pas"/>
        <IsPartOfProject Value="True"/>
        <UnitName Value="geomhash"/>
        <WindowIndex Value="0"/>
        <TopLine Value="1"/>
        <CursorPos X="43" Y="21"/>
        <UsageCount Value="208"/>
      </Unit15>
      <Unit16>
        <Filename Value="..\..\sharedunits\display\oglform.pas"/>
        <ComponentName Value="OpenGLForm"/>
        <HasResources Value="True"/>
        <ResourceBaseClass Value="Form"/>
        <UnitName Value="oglform"/>
        <EditorIndex Value="6"/>
        <WindowIndex Value="0"/>
        <TopLine Value="50"/>
        <CursorPos X="102" Y="318"/>
        <UsageCount Value="103"/>
        <Loaded Value="True"/>
        <LoadedDesigner Value="True"/>
      </Unit16>
      <Unit17>
        <Filename Value="..\..\sharedunits\general\threedcalc.pas"/>
        <UnitName Value="threedcalc"/>
        <WindowIndex Value="0"/>
        <TopLine Value="474"/>
        <CursorPos X="10" Y="479"/>
        <UsageCount Value="19"/>
      </Unit17>
      <Unit18>
        <Filename Value="..\..\sharedunits\general\basetypes.pas"/>
        <UnitName Value="basetypes"/>
        <EditorIndex Value="2"/>
        <WindowIndex Value="0"/>
        <TopLine Value="31"/>
        <CursorPos X="16" Y="53"/>
        <UsageCount Value="118"/>
        <Loaded Value="True"/>
      </Unit18>
      <Unit19>
        <Filename Value="..\..\sharedunits\utils\stringutils.pas"/>
        <UnitName Value="stringutils"/>
        <WindowIndex Value="0"/>
        <TopLine Value="205"/>
        <CursorPos X="7" Y="221"/>
        <UsageCount Value="99"/>
      </Unit19>
      <Unit20>
        <Filename Value="..\molecule\pdbparser.pas"/>
        <UnitName Value="pdbparser"/>
        <WindowIndex Value="0"/>
        <TopLine Value="196"/>
        <CursorPos X="20" Y="198"/>
        <UsageCount Value="31"/>
      </Unit20>
      <Unit21>
        <Filename Value="..\..\sharedunits\display\base3ddisplay.pas"/>
        <UnitName Value="base3ddisplay"/>
        <EditorIndex Value="4"/>
        <WindowIndex Value="0"/>
        <TopLine Value="351"/>
        <CursorPos X="27" Y="370"/>
        <UsageCount Value="120"/>
        <Loaded Value="True"/>
      </Unit21>
      <Unit22>
        <Filename Value="..\..\sharedunits\utils\geomhash.pas"/>
        <UnitName Value="geomhash"/>
        <WindowIndex Value="0"/>
        <TopLine Value="113"/>
        <CursorPos X="9" Y="66"/>
        <UsageCount Value="115"/>
      </Unit22>
      <Unit23>
        <Filename Value="..\..\sharedunits\display\displayobjects.pas"/>
        <UnitName Value="displayobjects"/>
        <EditorIndex Value="1"/>
        <WindowIndex Value="0"/>
        <TopLine Value="204"/>
        <CursorPos X="29" Y="221"/>
        <UsageCount Value="103"/>
        <Loaded Value="True"/>
      </Unit23>
      <Unit24>
        <Filename Value="..\gui\moleculetree.pas"/>
        <IsPartOfProject Value="True"/>
        <ComponentName Value="MolTreeForm"/>
        <HasResources Value="True"/>
        <ResourceBaseClass Value="Form"/>
        <UnitName Value="moleculetree"/>
        <WindowIndex Value="0"/>
        <TopLine Value="19"/>
        <CursorPos X="81" Y="35"/>
        <UsageCount Value="200"/>
      </Unit24>
      <Unit25>
        <Filename Value="..\..\sharedunits\forms\notifications.pas"/>
        <IsPartOfProject Value="True"/>
        <UnitName Value="notifications"/>
        <WindowIndex Value="0"/>
        <TopLine Value="18"/>
        <CursorPos X="61" Y="31"/>
        <UsageCount Value="200"/>
      </Unit25>
      <Unit26>
        <Filename Value="..\..\sharedunits\utils\geomutils.pas"/>
        <IsPartOfProject Value="True"/>
        <UnitName Value="geomutils"/>
        <WindowIndex Value="0"/>
        <TopLine Value="67"/>
        <CursorPos X="1" Y="1"/>
        <UsageCount Value="200"/>
      </Unit26>
      <Unit27>
        <Filename Value="..\molecule\molutils.pas"/>
        <IsPartOfProject Value="True"/>
        <UnitName Value="molutils"/>
        <EditorIndex Value="8"/>
        <WindowIndex Value="0"/>
        <TopLine Value="6"/>
        <CursorPos X="43" Y="22"/>
        <UsageCount Value="200"/>
        <Loaded Value="True"/>
      </Unit27>
      <Unit28>
        <Filename Value="..\docking\linegrids.pas"/>
        <IsPartOfProject Value="True"/>
        <UnitName Value="linegrids"/>
        <WindowIndex Value="0"/>
        <TopLine Value="402"/>
        <CursorPos X="40" Y="73"/>
        <UsageCount Value="200"/>
      </Unit28>
      <Unit29>
        <Filename Value="C:\lazarus\fpc\2.6.0\source\packages\opengl\src\gl.pp"/>
        <UnitName Value="GL"/>
        <WindowIndex Value="0"/>
        <TopLine Value="1122"/>
        <CursorPos X="3" Y="1138"/>
        <UsageCount Value="80"/>
      </Unit29>
      <Unit30>
        <Filename Value="..\..\sharedunits\display\povray.pas"/>
        <IsPartOfProject Value="True"/>
        <UnitName Value="povray"/>
        <WindowIndex Value="0"/>
        <TopLine Value="14"/>
        <CursorPos X="30" Y="30"/>
        <UsageCount Value="202"/>
      </Unit30>
      <Unit31>
        <Filename Value="..\docking\dockdomains.pas"/>
        <IsPartOfProject Value="True"/>
        <UnitName Value="dockdomains"/>
        <WindowIndex Value="0"/>
        <TopLine Value="415"/>
        <CursorPos X="36" Y="524"/>
        <UsageCount Value="202"/>
      </Unit31>
      <Unit32>
        <Filename Value="C:\lazarus\lcl\forms.pp"/>
        <UnitName Value="Forms"/>
        <WindowIndex Value="0"/>
        <TopLine Value="691"/>
        <CursorPos X="45" Y="715"/>
        <UsageCount Value="95"/>
      </Unit32>
      <Unit33>
        <Filename Value="..\docking\dockconstraints.pas"/>
        <IsPartOfProject Value="True"/>
        <UnitName Value="dockconstraints"/>
        <WindowIndex Value="0"/>
        <TopLine Value="224"/>
        <CursorPos X="49" Y="244"/>
        <UsageCount Value="204"/>
      </Unit33>
      <Unit34>
        <Filename Value="C:\lazarus\fpc\2.6.0\source\rtl\inc\objpash.inc"/>
        <WindowIndex Value="0"/>
        <TopLine Value="185"/>
        <CursorPos X="24" Y="201"/>
        <UsageCount Value="64"/>
      </Unit34>
      <Unit35>
        <Filename Value="..\docking\bogie.pas"/>
        <UnitName Value="bogie"/>
        <WindowIndex Value="0"/>
        <TopLine Value="40"/>
        <CursorPos X="6" Y="56"/>
        <UsageCount Value="63"/>
      </Unit35>
      <Unit36>
        <Filename Value="..\molecule\pdbsurface.pas"/>
        <UnitName Value="pdbsurface"/>
        <WindowIndex Value="0"/>
        <TopLine Value="217"/>
        <CursorPos X="1" Y="1"/>
        <UsageCount Value="21"/>
      </Unit36>
      <Unit37>
        <Filename Value="..\molecule\surface.pas"/>
        <IsPartOfProject Value="True"/>
        <UnitName Value="surface"/>
        <WindowIndex Value="0"/>
        <TopLine Value="34"/>
        <CursorPos X="19" Y="57"/>
        <UsageCount Value="175"/>
      </Unit37>
      <Unit38>
        <Filename Value="C:\lazarus\fpc\2.6.0\source\rtl\objpas\sysutils\sysstrh.inc"/>
        <WindowIndex Value="0"/>
        <TopLine Value="139"/>
        <CursorPos X="10" Y="155"/>
        <UsageCount Value="32"/>
      </Unit38>
      <Unit39>
        <Filename Value="C:\lazarus\fpc\2.6.0\source\packages\opengl\src\glext.pp"/>
        <UnitName Value="GLext"/>
        <WindowIndex Value="0"/>
        <TopLine Value="40"/>
        <CursorPos X="68" Y="45"/>
        <UsageCount Value="18"/>
      </Unit39>
      <Unit40>
        <Filename Value="..\docking\docktasks.pas"/>
        <UnitName Value="docktasks"/>
        <WindowIndex Value="0"/>
        <TopLine Value="735"/>
        <CursorPos X="1" Y="757"/>
        <UsageCount Value="15"/>
      </Unit40>
      <Unit41>
        <Filename Value="..\..\sharedunits\forms\formdocker.pas"/>
        <IsPartOfProject Value="True"/>
        <UnitName Value="formdocker"/>
        <WindowIndex Value="0"/>
        <TopLine Value="14"/>
        <CursorPos X="81" Y="26"/>
        <UsageCount Value="88"/>
      </Unit41>
      <Unit42>
        <Filename Value="C:\lazarus\fpc\2.6.0\source\packages\opengl\src\glu.pp"/>
        <UnitName Value="GLu"/>
        <WindowIndex Value="0"/>
        <TopLine Value="84"/>
        <CursorPos X="3" Y="100"/>
        <UsageCount Value="15"/>
      </Unit42>
      <Unit43>
        <Filename Value="C:\lazarus\lcl\graphics.pp"/>
        <UnitName Value="Graphics"/>
        <WindowIndex Value="0"/>
        <TopLine Value="206"/>
        <CursorPos X="3" Y="223"/>
        <UsageCount Value="9"/>
      </Unit43>
      <Unit44>
        <Filename Value="C:\lazarus\fpc\2.6.4\source\packages\opengl\src\gl.pp"/>
        <UnitName Value="GL"/>
        <EditorIndex Value="7"/>
        <WindowIndex Value="0"/>
        <TopLine Value="67"/>
        <CursorPos X="3" Y="83"/>
        <UsageCount Value="11"/>
        <Loaded Value="True"/>
      </Unit44>
    </Units>
    <JumpHistory Count="29" HistoryIndex="28">
      <Position1>
        <Filename Value="..\..\sharedunits\display\oglform.pas"/>
        <Caret Line="299" Column="14" TopLine="291"/>
      </Position1>
      <Position2>
        <Filename Value="..\..\sharedunits\display\oglform.pas"/>
        <Caret Line="320" Column="54" TopLine="305"/>
      </Position2>
      <Position3>
        <Filename Value="..\..\sharedunits\display\oglform.pas"/>
        <Caret Line="321" Column="43" TopLine="294"/>
      </Position3>
      <Position4>
        <Filename Value="..\..\sharedunits\display\oglform.pas"/>
        <Caret Line="18" Column="27" TopLine="7"/>
      </Position4>
      <Position5>
        <Filename Value="..\..\sharedunits\display\oglform.pas"/>
        <Caret Line="70" Column="28" TopLine="57"/>
      </Position5>
      <Position6>
        <Filename Value="..\..\sharedunits\display\base3ddisplay.pas"/>
        <Caret Line="84" Column="3" TopLine="68"/>
      </Position6>
      <Position7>
        <Filename Value="..\..\sharedunits\display\base3ddisplay.pas"/>
        <Caret Line="69" Column="12" TopLine="50"/>
      </Position7>
      <Position8>
        <Filename Value="..\..\sharedunits\display\oglform.pas"/>
        <Caret Line="1" Column="1" TopLine="1"/>
      </Position8>
      <Position9>
        <Filename Value="..\..\sharedunits\display\oglform.pas"/>
        <Caret Line="53" Column="15" TopLine="26"/>
      </Position9>
      <Position10>
        <Filename Value="..\..\sharedunits\display\oglform.pas"/>
        <Caret Line="55" Column="15" TopLine="28"/>
      </Position10>
      <Position11>
        <Filename Value="..\..\sharedunits\display\oglform.pas"/>
        <Caret Line="56" Column="15" TopLine="29"/>
      </Position11>
      <Position12>
        <Filename Value="..\..\sharedunits\display\oglform.pas"/>
        <Caret Line="216" Column="28" TopLine="188"/>
      </Position12>
      <Position13>
        <Filename Value="..\..\sharedunits\display\oglform.pas"/>
        <Caret Line="217" Column="11" TopLine="190"/>
      </Position13>
      <Position14>
        <Filename Value="..\..\sharedunits\display\oglform.pas"/>
        <Caret Line="309" Column="27" TopLine="282"/>
      </Position14>
      <Position15>
        <Filename Value="..\..\sharedunits\display\oglform.pas"/>
        <Caret Line="310" Column="23" TopLine="283"/>
      </Position15>
      <Position16>
        <Filename Value="..\..\sharedunits\display\oglform.pas"/>
        <Caret Line="313" Column="13" TopLine="286"/>
      </Position16>
      <Position17>
        <Filename Value="..\..\sharedunits\display\oglform.pas"/>
        <Caret Line="314" Column="57" TopLine="287"/>
      </Position17>
      <Position18>
        <Filename Value="..\..\sharedunits\display\oglform.pas"/>
        <Caret Line="315" Column="13" TopLine="288"/>
      </Position18>
      <Position19>
        <Filename Value="..\..\sharedunits\display\oglform.pas"/>
        <Caret Line="316" Column="57" TopLine="289"/>
      </Position19>
      <Position20>
        <Filename Value="..\..\sharedunits\display\oglform.pas"/>
        <Caret Line="317" Column="13" TopLine="290"/>
      </Position20>
      <Position21>
        <Filename Value="..\..\sharedunits\display\oglform.pas"/>
        <Caret Line="318" Column="58" TopLine="291"/>
      </Position21>
      <Position22>
        <Filename Value="..\..\sharedunits\display\oglform.pas"/>
        <Caret Line="319" Column="44" TopLine="292"/>
      </Position22>
      <Position23>
        <Filename Value="..\..\sharedunits\display\oglform.pas"/>
        <Caret Line="320" Column="32" TopLine="293"/>
      </Position23>
      <Position24>
        <Filename Value="..\..\sharedunits\display\oglform.pas"/>
        <Caret Line="321" Column="78" TopLine="294"/>
      </Position24>
      <Position25>
        <Filename Value="..\..\sharedunits\display\oglform.pas"/>
        <Caret Line="415" Column="40" TopLine="388"/>
      </Position25>
      <Position26>
        <Filename Value="..\..\sharedunits\display\oglform.pas"/>
        <Caret Line="422" Column="21" TopLine="395"/>
      </Position26>
      <Position27>
        <Filename Value="..\..\sharedunits\display\oglform.pas"/>
        <Caret Line="425" Column="13" TopLine="398"/>
      </Position27>
      <Position28>
        <Filename Value="..\..\sharedunits\display\oglform.pas"/>
        <Caret Line="458" Column="28" TopLine="431"/>
      </Position28>
      <Position29>
        <Filename Value="..\..\sharedunits\display\oglform.pas"/>
        <Caret Line="411" Column="22" TopLine="406"/>
      </Position29>
    </JumpHistory>
  </ProjectOptions>
  <CompilerOptions>
    <Version Value="11"/>
    <PathDelim Value="\"/>
    <Target>
      <Filename Value="chemera"/>
    </Target>
    <SearchPaths>
      <IncludeFiles Value="$(ProjOutDir)"/>
      <OtherUnitFiles Value="..\..\sharedunits\display;..\molecule;..\..\sharedunits\general;..\..\sharedunits\forms;..\..\sharedunits\utils;..\base;..\gui;..\docking"/>
      <UnitOutputDirectory Value="lib\$(TargetCPU)-$(TargetOS)"/>
    </SearchPaths>
    <Parsing>
      <SyntaxOptions>
        <AllowLabel Value="False"/>
      </SyntaxOptions>
    </Parsing>
    <CodeGeneration>
      <Checks>
        <IOChecks Value="True"/>
        <RangeChecks Value="True"/>
        <OverflowChecks Value="True"/>
        <StackChecks Value="True"/>
      </Checks>
      <VerifyObjMethodCallValidity Value="True"/>
      <Optimizations>
        <OptimizationLevel Value="3"/>
      </Optimizations>
    </CodeGeneration>
    <Linking>
      <Debugging>
        <GenerateDebugInfo Value="False"/>
      </Debugging>
    </Linking>
    <Other>
      <Verbosity>
        <ShowHints Value="False"/>
        <ShoLineNum Value="True"/>
      </Verbosity>
      <CompilerMessages>
        <UseMsgFile Value="True"/>
      </CompilerMessages>
      <CompilerPath Value="$(CompPath)"/>
    </Other>
  </CompilerOptions>
  <Debugging>
    <Exceptions Count="3">
      <Item1>
        <Name Value="EAbort"/>
      </Item1>
      <Item2>
        <Name Value="ECodetoolError"/>
      </Item2>
      <Item3>
        <Name Value="EFOpenError"/>
      </Item3>
    </Exceptions>
  </Debugging>
  <EditorMacros Count="0"/>
</CONFIG>
