<?xml version="1.0"?>
<CONFIG>
  <ProjectOptions>
    <Version Value="9"/>
    <PathDelim Value="\"/>
    <General>
      <Flags>
        <MainUnitHasCreateFormStatements Value="False"/>
      </Flags>
      <MainUnit Value="0"/>
      <ResourceType Value="res"/>
      <UseXPManifest Value="True"/>
      <Icon Value="0"/>
      <ActiveWindowIndexAtStart Value="0"/>
    </General>
    <i18n>
      <EnableI18N LFM="False"/>
    </i18n>
    <VersionInfo>
      <StringTable ProductVersion=""/>
    </VersionInfo>
    <BuildModes Count="1" Active="Default">
      <Item1 Name="Default" Default="True"/>
    </BuildModes>
    <PublishOptions>
      <Version Value="2"/>
      <IncludeFileFilter Value="*.(pas|pp|inc|lfm|lpr|lrs|lpi|lpk|sh|xml)"/>
      <ExcludeFileFilter Value="*.(bak|ppu|o|so);*~;backup"/>
    </PublishOptions>
    <RunParams>
      <local>
        <FormatVersion Value="1"/>
        <LaunchingApplication PathPlusParams="\usr\bin\xterm -T 'Lazarus Run Output' -e $(LazarusDir)\tools\runwait.sh $(TargetCmdLine)"/>
      </local>
    </RunParams>
    <Units Count="8">
      <Unit0>
        <Filename Value="phylogen.lpr"/>
        <IsPartOfProject Value="True"/>
        <UnitName Value="phylogen"/>
        <EditorIndex Value="0"/>
        <WindowIndex Value="0"/>
        <TopLine Value="177"/>
        <CursorPos X="37" Y="195"/>
        <UsageCount Value="29"/>
        <Loaded Value="True"/>
      </Unit0>
      <Unit1>
        <Filename Value="..\pdbsurface\pdbsurface.lpr"/>
        <UnitName Value="pdbsurface"/>
        <EditorIndex Value="6"/>
        <WindowIndex Value="0"/>
        <TopLine Value="1"/>
        <CursorPos X="1" Y="1"/>
        <UsageCount Value="13"/>
        <Loaded Value="True"/>
      </Unit1>
      <Unit2>
        <Filename Value="..\..\sharedunits\general\basetypes.pas"/>
        <IsPartOfProject Value="True"/>
        <UnitName Value="basetypes"/>
        <EditorIndex Value="2"/>
        <WindowIndex Value="0"/>
        <TopLine Value="14"/>
        <CursorPos X="21" Y="26"/>
        <UsageCount Value="29"/>
        <Loaded Value="True"/>
      </Unit2>
      <Unit3>
        <Filename Value="..\..\sharedunits\utils\statistics.pas"/>
        <IsPartOfProject Value="True"/>
        <UnitName Value="statistics"/>
        <IsVisibleTab Value="True"/>
        <EditorIndex Value="4"/>
        <WindowIndex Value="0"/>
        <TopLine Value="1"/>
        <CursorPos X="19" Y="187"/>
        <UsageCount Value="29"/>
        <Loaded Value="True"/>
      </Unit3>
      <Unit4>
        <Filename Value="..\..\sharedunits\utils\stringutils.pas"/>
        <UnitName Value="stringutils"/>
        <EditorIndex Value="3"/>
        <WindowIndex Value="0"/>
        <TopLine Value="106"/>
        <CursorPos X="62" Y="45"/>
        <UsageCount Value="13"/>
        <Loaded Value="True"/>
      </Unit4>
      <Unit5>
        <Filename Value="C:\lazarus\fpc\2.4.3\source\packages\fcl-base\src\custapp.pp"/>
        <UnitName Value="CustApp"/>
        <WindowIndex Value="0"/>
        <TopLine Value="535"/>
        <CursorPos X="3" Y="537"/>
        <UsageCount Value="10"/>
      </Unit5>
      <Unit6>
        <Filename Value="..\sequence\coevolution.pas"/>
        <IsPartOfProject Value="True"/>
        <UnitName Value="coevolution"/>
        <EditorIndex Value="1"/>
        <WindowIndex Value="0"/>
        <TopLine Value="103"/>
        <CursorPos X="35" Y="143"/>
        <UsageCount Value="26"/>
        <Loaded Value="True"/>
      </Unit6>
      <Unit7>
        <Filename Value="..\..\sharedunits\utils\quicksort.pas"/>
        <IsPartOfProject Value="True"/>
        <UnitName Value="quicksort"/>
        <EditorIndex Value="5"/>
        <WindowIndex Value="0"/>
        <TopLine Value="1"/>
        <CursorPos X="35" Y="10"/>
        <UsageCount Value="24"/>
        <Loaded Value="True"/>
      </Unit7>
    </Units>
    <JumpHistory Count="30" HistoryIndex="29">
      <Position1>
        <Filename Value="..\..\sharedunits\utils\statistics.pas"/>
        <Caret Line="35" Column="7" TopLine="9"/>
      </Position1>
      <Position2>
        <Filename Value="..\..\sharedunits\utils\statistics.pas"/>
        <Caret Line="26" Column="18" TopLine="10"/>
      </Position2>
      <Position3>
        <Filename Value="..\..\sharedunits\utils\statistics.pas"/>
        <Caret Line="31" Column="5" TopLine="12"/>
      </Position3>
      <Position4>
        <Filename Value="phylogen.lpr"/>
        <Caret Line="51" Column="21" TopLine="44"/>
      </Position4>
      <Position5>
        <Filename Value="phylogen.lpr"/>
        <Caret Line="51" Column="17" TopLine="43"/>
      </Position5>
      <Position6>
        <Filename Value="..\sequence\coevolution.pas"/>
        <Caret Line="35" Column="59" TopLine="1"/>
      </Position6>
      <Position7>
        <Filename Value="..\sequence\coevolution.pas"/>
        <Caret Line="33" Column="1" TopLine="25"/>
      </Position7>
      <Position8>
        <Filename Value="..\sequence\coevolution.pas"/>
        <Caret Line="42" Column="63" TopLine="1"/>
      </Position8>
      <Position9>
        <Filename Value="..\..\sharedunits\utils\statistics.pas"/>
        <Caret Line="156" Column="18" TopLine="138"/>
      </Position9>
      <Position10>
        <Filename Value="..\..\sharedunits\utils\statistics.pas"/>
        <Caret Line="23" Column="1" TopLine="1"/>
      </Position10>
      <Position11>
        <Filename Value="..\..\sharedunits\utils\statistics.pas"/>
        <Caret Line="122" Column="22" TopLine="96"/>
      </Position11>
      <Position12>
        <Filename Value="..\..\sharedunits\utils\statistics.pas"/>
        <Caret Line="29" Column="64" TopLine="3"/>
      </Position12>
      <Position13>
        <Filename Value="..\..\sharedunits\utils\statistics.pas"/>
        <Caret Line="122" Column="1" TopLine="96"/>
      </Position13>
      <Position14>
        <Filename Value="..\..\sharedunits\utils\statistics.pas"/>
        <Caret Line="153" Column="15" TopLine="138"/>
      </Position14>
      <Position15>
        <Filename Value="..\..\sharedunits\utils\statistics.pas"/>
        <Caret Line="23" Column="1" TopLine="1"/>
      </Position15>
      <Position16>
        <Filename Value="..\..\sharedunits\utils\statistics.pas"/>
        <Caret Line="139" Column="5" TopLine="115"/>
      </Position16>
      <Position17>
        <Filename Value="..\..\sharedunits\utils\statistics.pas"/>
        <Caret Line="170" Column="20" TopLine="136"/>
      </Position17>
      <Position18>
        <Filename Value="..\sequence\coevolution.pas"/>
        <Caret Line="63" Column="1" TopLine="39"/>
      </Position18>
      <Position19>
        <Filename Value="..\sequence\coevolution.pas"/>
        <Caret Line="1" Column="1" TopLine="1"/>
      </Position19>
      <Position20>
        <Filename Value="..\sequence\coevolution.pas"/>
        <Caret Line="46" Column="134" TopLine="1"/>
      </Position20>
      <Position21>
        <Filename Value="..\sequence\coevolution.pas"/>
        <Caret Line="21" Column="26" TopLine="1"/>
      </Position21>
      <Position22>
        <Filename Value="..\sequence\coevolution.pas"/>
        <Caret Line="61" Column="12" TopLine="33"/>
      </Position22>
      <Position23>
        <Filename Value="..\sequence\coevolution.pas"/>
        <Caret Line="41" Column="13" TopLine="14"/>
      </Position23>
      <Position24>
        <Filename Value="phylogen.lpr"/>
        <Caret Line="38" Column="23" TopLine="27"/>
      </Position24>
      <Position25>
        <Filename Value="..\sequence\coevolution.pas"/>
        <Caret Line="29" Column="25" TopLine="1"/>
      </Position25>
      <Position26>
        <Filename Value="phylogen.lpr"/>
        <Caret Line="196" Column="33" TopLine="167"/>
      </Position26>
      <Position27>
        <Filename Value="phylogen.lpr"/>
        <Caret Line="190" Column="12" TopLine="166"/>
      </Position27>
      <Position28>
        <Filename Value="phylogen.lpr"/>
        <Caret Line="186" Column="12" TopLine="166"/>
      </Position28>
      <Position29>
        <Filename Value="phylogen.lpr"/>
        <Caret Line="194" Column="8" TopLine="169"/>
      </Position29>
      <Position30>
        <Filename Value="phylogen.lpr"/>
        <Caret Line="189" Column="3" TopLine="169"/>
      </Position30>
    </JumpHistory>
  </ProjectOptions>
  <CompilerOptions>
    <Version Value="9"/>
    <PathDelim Value="\"/>
    <Target>
      <Filename Value="phylogen"/>
    </Target>
    <SearchPaths>
      <IncludeFiles Value="$(ProjOutDir)"/>
      <OtherUnitFiles Value="..\..\sharedunits\utils;..\..\sharedunits\general;..\sequence"/>
      <UnitOutputDirectory Value="lib\$(TargetCPU)-$(TargetOS)"/>
    </SearchPaths>
    <Other>
      <CompilerPath Value="$(CompPath)"/>
    </Other>
  </CompilerOptions>
  <Debugging>
    <Exceptions Count="3">
      <Item1>
        <Name Value="EAbort"/>
      </Item1>
      <Item2>
        <Name Value="ECodetoolError"/>
      </Item2>
      <Item3>
        <Name Value="EFOpenError"/>
      </Item3>
    </Exceptions>
  </Debugging>
</CONFIG>