<?xml version="1.0"?>
<CONFIG>
  <ProjectOptions>
    <Version Value="9"/>
    <PathDelim Value="\"/>
    <General>
      <Flags>
        <MainUnitHasCreateFormStatements Value="False"/>
      </Flags>
      <MainUnit Value="0"/>
      <ResourceType Value="res"/>
      <UseXPManifest Value="True"/>
      <Icon Value="0"/>
      <ActiveWindowIndexAtStart Value="0"/>
    </General>
    <i18n>
      <EnableI18N LFM="False"/>
    </i18n>
    <VersionInfo>
      <StringTable ProductVersion=""/>
    </VersionInfo>
    <BuildModes Count="1" Active="Default">
      <Item1 Name="Default" Default="True"/>
    </BuildModes>
    <PublishOptions>
      <Version Value="2"/>
      <IncludeFileFilter Value="*.(pas|pp|inc|lfm|lpr|lrs|lpi|lpk|sh|xml)"/>
      <ExcludeFileFilter Value="*.(bak|ppu|o|so);*~;backup"/>
    </PublishOptions>
    <RunParams>
      <local>
        <FormatVersion Value="1"/>
        <LaunchingApplication PathPlusParams="\usr\bin\xterm -T 'Lazarus Run Output' -e $(LazarusDir)\tools\runwait.sh $(TargetCmdLine)"/>
      </local>
    </RunParams>
    <RequiredPackages Count="2">
      <Item1>
        <PackageName Value="LCL"/>
      </Item1>
      <Item2>
        <PackageName Value="LazUtils"/>
      </Item2>
    </RequiredPackages>
    <Units Count="28">
      <Unit0>
        <Filename Value="bigger.lpr"/>
        <IsPartOfProject Value="True"/>
        <UnitName Value="bigger"/>
        <EditorIndex Value="0"/>
        <WindowIndex Value="0"/>
        <TopLine Value="59"/>
        <CursorPos X="22" Y="77"/>
        <UsageCount Value="200"/>
        <Loaded Value="True"/>
      </Unit0>
      <Unit1>
        <Filename Value="..\utils\geomhash.pas"/>
        <IsPartOfProject Value="True"/>
        <UnitName Value="geomhash"/>
        <WindowIndex Value="0"/>
        <TopLine Value="9"/>
        <CursorPos X="22" Y="21"/>
        <UsageCount Value="200"/>
      </Unit1>
      <Unit2>
        <Filename Value="..\docking\linegrids.pas"/>
        <IsPartOfProject Value="True"/>
        <UnitName Value="linegrids"/>
        <EditorIndex Value="12"/>
        <WindowIndex Value="0"/>
        <TopLine Value="28"/>
        <CursorPos X="21" Y="95"/>
        <UsageCount Value="200"/>
        <Loaded Value="True"/>
      </Unit2>
      <Unit3>
        <Filename Value="..\docking\basedockingtypes.pas"/>
        <UnitName Value="basedockingtypes"/>
        <WindowIndex Value="0"/>
        <TopLine Value="1"/>
        <CursorPos X="35" Y="18"/>
        <UsageCount Value="3"/>
      </Unit3>
      <Unit4>
        <Filename Value="..\general\basetypes.pas"/>
        <UnitName Value="basetypes"/>
        <WindowIndex Value="0"/>
        <TopLine Value="65"/>
        <CursorPos X="3" Y="35"/>
        <UsageCount Value="5"/>
      </Unit4>
      <Unit5>
        <Filename Value="..\..\sharedunits\utils\quicksort.pas"/>
        <UnitName Value="quicksort"/>
        <EditorIndex Value="18"/>
        <WindowIndex Value="0"/>
        <TopLine Value="1"/>
        <CursorPos X="1" Y="1"/>
        <UsageCount Value="95"/>
        <Loaded Value="True"/>
      </Unit5>
      <Unit6>
        <Filename Value="..\..\sharedunits\general\basetypes.pas"/>
        <UnitName Value="basetypes"/>
        <EditorIndex Value="9"/>
        <WindowIndex Value="0"/>
        <TopLine Value="44"/>
        <CursorPos X="22" Y="804"/>
        <UsageCount Value="91"/>
        <Loaded Value="True"/>
      </Unit6>
      <Unit7>
        <Filename Value="..\..\sharedunits\utils\geomutils.pas"/>
        <IsPartOfProject Value="True"/>
        <UnitName Value="geomutils"/>
        <EditorIndex Value="15"/>
        <WindowIndex Value="0"/>
        <TopLine Value="13"/>
        <CursorPos X="21" Y="29"/>
        <UsageCount Value="187"/>
        <Loaded Value="True"/>
      </Unit7>
      <Unit8>
        <Filename Value="..\..\sharedunits\utils\geomhash.pas"/>
        <UnitName Value="geomhash"/>
        <EditorIndex Value="14"/>
        <WindowIndex Value="0"/>
        <TopLine Value="143"/>
        <CursorPos X="47" Y="165"/>
        <UsageCount Value="55"/>
        <Loaded Value="True"/>
      </Unit8>
      <Unit9>
        <Filename Value="..\..\sharedunits\general\threedcalc.pas"/>
        <UnitName Value="threedcalc"/>
        <WindowIndex Value="0"/>
        <TopLine Value="19"/>
        <CursorPos X="1" Y="41"/>
        <UsageCount Value="8"/>
      </Unit9>
      <Unit10>
        <Filename Value="..\docking\dockdomains.pas"/>
        <IsPartOfProject Value="True"/>
        <UnitName Value="dockdomains"/>
        <EditorIndex Value="11"/>
        <WindowIndex Value="0"/>
        <TopLine Value="434"/>
        <CursorPos X="42" Y="445"/>
        <UsageCount Value="82"/>
        <Loaded Value="True"/>
      </Unit10>
      <Unit11>
        <Filename Value="..\docking\bogie.pas"/>
        <UnitName Value="bogie"/>
        <EditorIndex Value="2"/>
        <WindowIndex Value="0"/>
        <TopLine Value="327"/>
        <CursorPos X="42" Y="333"/>
        <UsageCount Value="42"/>
        <Loaded Value="True"/>
      </Unit11>
      <Unit12>
        <Filename Value="..\docking\dockconstraints.pas"/>
        <UnitName Value="dockconstraints"/>
        <EditorIndex Value="13"/>
        <WindowIndex Value="0"/>
        <TopLine Value="36"/>
        <CursorPos X="15" Y="57"/>
        <UsageCount Value="42"/>
        <Loaded Value="True"/>
      </Unit12>
      <Unit13>
        <Filename Value="..\molecule\surface.pas"/>
        <IsPartOfProject Value="True"/>
        <UnitName Value="surface"/>
        <WindowIndex Value="0"/>
        <TopLine Value="1"/>
        <CursorPos X="1" Y="1"/>
        <UsageCount Value="82"/>
      </Unit13>
      <Unit14>
        <Filename Value="..\docking\docktasks.pas"/>
        <IsPartOfProject Value="True"/>
        <UnitName Value="docktasks"/>
        <EditorIndex Value="1"/>
        <WindowIndex Value="0"/>
        <TopLine Value="97"/>
        <CursorPos X="7" Y="113"/>
        <UsageCount Value="78"/>
        <Loaded Value="True"/>
      </Unit14>
      <Unit15>
        <Filename Value="C:\lazarus\components\lazutils\laz2_dom.pas"/>
        <UnitName Value="laz2_DOM"/>
        <WindowIndex Value="0"/>
        <TopLine Value="28"/>
        <CursorPos X="36" Y="655"/>
        <UsageCount Value="34"/>
      </Unit15>
      <Unit16>
        <Filename Value="..\docking\dockmanager.pas"/>
        <UnitName Value="dockmanager"/>
        <WindowIndex Value="0"/>
        <TopLine Value="1"/>
        <CursorPos X="1" Y="1"/>
        <UsageCount Value="18"/>
      </Unit16>
      <Unit17>
        <Filename Value="..\docking\biggerman.pas"/>
        <IsPartOfProject Value="True"/>
        <UnitName Value="biggerman"/>
        <IsVisibleTab Value="True"/>
        <EditorIndex Value="8"/>
        <WindowIndex Value="0"/>
        <TopLine Value="272"/>
        <CursorPos X="61" Y="272"/>
        <UsageCount Value="60"/>
        <Loaded Value="True"/>
      </Unit17>
      <Unit18>
        <Filename Value="..\molecule\pdbmolecules.pas"/>
        <UnitName Value="pdbmolecules"/>
        <EditorIndex Value="5"/>
        <WindowIndex Value="0"/>
        <TopLine Value="417"/>
        <CursorPos X="20" Y="433"/>
        <UsageCount Value="30"/>
        <Loaded Value="True"/>
      </Unit18>
      <Unit19>
        <Filename Value="..\base\oclconfiguration.pas"/>
        <IsPartOfProject Value="True"/>
        <UnitName Value="oclconfiguration"/>
        <EditorIndex Value="7"/>
        <WindowIndex Value="0"/>
        <TopLine Value="91"/>
        <CursorPos X="28" Y="113"/>
        <UsageCount Value="58"/>
        <Loaded Value="True"/>
      </Unit19>
      <Unit20>
        <Filename Value="..\..\sharedunits\utils\rmsd.pas"/>
        <IsPartOfProject Value="True"/>
        <UnitName Value="rmsd"/>
        <EditorIndex Value="3"/>
        <WindowIndex Value="0"/>
        <TopLine Value="177"/>
        <CursorPos X="28" Y="179"/>
        <UsageCount Value="53"/>
        <Loaded Value="True"/>
      </Unit20>
      <Unit21>
        <Filename Value="..\..\sharedunits\utils\cgradient.pas"/>
        <IsPartOfProject Value="True"/>
        <UnitName Value="cgradient"/>
        <EditorIndex Value="4"/>
        <WindowIndex Value="0"/>
        <TopLine Value="314"/>
        <CursorPos X="22" Y="339"/>
        <UsageCount Value="53"/>
        <Loaded Value="True"/>
      </Unit21>
      <Unit22>
        <Filename Value="..\molecule\molecules.pas"/>
        <UnitName Value="molecules"/>
        <EditorIndex Value="16"/>
        <WindowIndex Value="0"/>
        <TopLine Value="469"/>
        <CursorPos X="3" Y="476"/>
        <UsageCount Value="25"/>
        <Loaded Value="True"/>
      </Unit22>
      <Unit23>
        <Filename Value="..\..\sharedunits\utils\stringutils.pas"/>
        <UnitName Value="stringutils"/>
        <EditorIndex Value="17"/>
        <WindowIndex Value="0"/>
        <TopLine Value="223"/>
        <CursorPos X="7" Y="239"/>
        <UsageCount Value="25"/>
        <Loaded Value="True"/>
      </Unit23>
      <Unit24>
        <Filename Value="..\molecule\pdbparser.pas"/>
        <UnitName Value="pdbparser"/>
        <EditorIndex Value="10"/>
        <WindowIndex Value="0"/>
        <TopLine Value="74"/>
        <CursorPos X="69" Y="80"/>
        <UsageCount Value="25"/>
        <Loaded Value="True"/>
      </Unit24>
      <Unit25>
        <Filename Value="C:\lazarus\packager\registration\fcllaz.pas"/>
        <UnitName Value="fcllaz"/>
        <WindowIndex Value="0"/>
        <TopLine Value="1"/>
        <CursorPos X="46" Y="5"/>
        <UsageCount Value="9"/>
      </Unit25>
      <Unit26>
        <Filename Value="C:\lazarus\fpc\2.6.0\source\rtl\objpas\sysutils\sysstrh.inc"/>
        <WindowIndex Value="0"/>
        <TopLine Value="13"/>
        <CursorPos X="10" Y="155"/>
        <UsageCount Value="9"/>
      </Unit26>
      <Unit27>
        <Filename Value="..\molecule\molutils.pas"/>
        <UnitName Value="molutils"/>
        <EditorIndex Value="6"/>
        <WindowIndex Value="0"/>
        <TopLine Value="164"/>
        <CursorPos X="10" Y="187"/>
        <UsageCount Value="13"/>
        <Loaded Value="True"/>
      </Unit27>
    </Units>
    <JumpHistory Count="30" HistoryIndex="29">
      <Position1>
        <Filename Value="..\docking\docktasks.pas"/>
        <Caret Line="112" Column="39" TopLine="89"/>
      </Position1>
      <Position2>
        <Filename Value="..\docking\biggerman.pas"/>
        <Caret Line="7" Column="74" TopLine="1"/>
      </Position2>
      <Position3>
        <Filename Value="..\docking\biggerman.pas"/>
        <Caret Line="148" Column="16" TopLine="122"/>
      </Position3>
      <Position4>
        <Filename Value="..\docking\biggerman.pas"/>
        <Caret Line="158" Column="18" TopLine="132"/>
      </Position4>
      <Position5>
        <Filename Value="..\docking\biggerman.pas"/>
        <Caret Line="160" Column="18" TopLine="134"/>
      </Position5>
      <Position6>
        <Filename Value="..\docking\bogie.pas"/>
        <Caret Line="8" Column="51" TopLine="1"/>
      </Position6>
      <Position7>
        <Filename Value="..\..\sharedunits\utils\rmsd.pas"/>
        <Caret Line="57" Column="62" TopLine="25"/>
      </Position7>
      <Position8>
        <Filename Value="..\..\sharedunits\utils\rmsd.pas"/>
        <Caret Line="188" Column="12" TopLine="172"/>
      </Position8>
      <Position9>
        <Filename Value="..\docking\biggerman.pas"/>
        <Caret Line="212" Column="58" TopLine="183"/>
      </Position9>
      <Position10>
        <Filename Value="..\docking\biggerman.pas"/>
        <Caret Line="215" Column="20" TopLine="190"/>
      </Position10>
      <Position11>
        <Filename Value="..\..\sharedunits\utils\geomutils.pas"/>
        <Caret Line="20" Column="67" TopLine="8"/>
      </Position11>
      <Position12>
        <Filename Value="..\..\sharedunits\utils\geomutils.pas"/>
        <Caret Line="86" Column="20" TopLine="59"/>
      </Position12>
      <Position13>
        <Filename Value="..\docking\biggerman.pas"/>
        <Caret Line="23" Column="3" TopLine="6"/>
      </Position13>
      <Position14>
        <Filename Value="..\docking\biggerman.pas"/>
        <Caret Line="269" Column="41" TopLine="237"/>
      </Position14>
      <Position15>
        <Filename Value="..\docking\biggerman.pas"/>
        <Caret Line="46" Column="46" TopLine="32"/>
      </Position15>
      <Position16>
        <Filename Value="..\docking\biggerman.pas"/>
        <Caret Line="288" Column="5" TopLine="286"/>
      </Position16>
      <Position17>
        <Filename Value="..\docking\bogie.pas"/>
        <Caret Line="85" Column="26" TopLine="74"/>
      </Position17>
      <Position18>
        <Filename Value="..\..\sharedunits\utils\geomutils.pas"/>
        <Caret Line="476" Column="20" TopLine="454"/>
      </Position18>
      <Position19>
        <Filename Value="..\docking\biggerman.pas"/>
        <Caret Line="288" Column="48" TopLine="286"/>
      </Position19>
      <Position20>
        <Filename Value="..\docking\biggerman.pas"/>
        <Caret Line="269" Column="7" TopLine="264"/>
      </Position20>
      <Position21>
        <Filename Value="..\docking\biggerman.pas"/>
        <Caret Line="288" Column="13" TopLine="277"/>
      </Position21>
      <Position22>
        <Filename Value="..\docking\biggerman.pas"/>
        <Caret Line="285" Column="40" TopLine="277"/>
      </Position22>
      <Position23>
        <Filename Value="..\docking\biggerman.pas"/>
        <Caret Line="310" Column="37" TopLine="295"/>
      </Position23>
      <Position24>
        <Filename Value="..\docking\biggerman.pas"/>
        <Caret Line="22" Column="52" TopLine="1"/>
      </Position24>
      <Position25>
        <Filename Value="..\docking\biggerman.pas"/>
        <Caret Line="281" Column="12" TopLine="265"/>
      </Position25>
      <Position26>
        <Filename Value="..\docking\biggerman.pas"/>
        <Caret Line="279" Column="103" TopLine="268"/>
      </Position26>
      <Position27>
        <Filename Value="..\docking\biggerman.pas"/>
        <Caret Line="285" Column="104" TopLine="268"/>
      </Position27>
      <Position28>
        <Filename Value="..\docking\biggerman.pas"/>
        <Caret Line="281" Column="23" TopLine="270"/>
      </Position28>
      <Position29>
        <Filename Value="..\docking\biggerman.pas"/>
        <Caret Line="303" Column="26" TopLine="293"/>
      </Position29>
      <Position30>
        <Filename Value="..\docking\biggerman.pas"/>
        <Caret Line="314" Column="51" TopLine="296"/>
      </Position30>
    </JumpHistory>
  </ProjectOptions>
  <CompilerOptions>
    <Version Value="11"/>
    <PathDelim Value="\"/>
    <Target>
      <Filename Value="bigger"/>
    </Target>
    <SearchPaths>
      <IncludeFiles Value="$(ProjOutDir)"/>
      <OtherUnitFiles Value="..\docking;..\pdbsurface;..\..\sharedunits\utils;..\..\sharedunits\general;..\molecule;..\base"/>
      <UnitOutputDirectory Value="lib\$(TargetCPU)-$(TargetOS)"/>
    </SearchPaths>
    <CodeGeneration>
      <Checks>
        <IOChecks Value="True"/>
        <RangeChecks Value="True"/>
        <OverflowChecks Value="True"/>
        <StackChecks Value="True"/>
      </Checks>
    </CodeGeneration>
    <Other>
      <CompilerMessages>
        <UseMsgFile Value="True"/>
      </CompilerMessages>
      <CompilerPath Value="$(CompPath)"/>
    </Other>
  </CompilerOptions>
  <Debugging>
    <Exceptions Count="3">
      <Item1>
        <Name Value="EAbort"/>
      </Item1>
      <Item2>
        <Name Value="ECodetoolError"/>
      </Item2>
      <Item3>
        <Name Value="EFOpenError"/>
      </Item3>
    </Exceptions>
  </Debugging>
</CONFIG>